
Microsoft Visual Studio Solution File, Format Version 12.00
# Visual Studio Version 17
VisualStudioVersion = 17.13.35919.96 d17.13
MinimumVisualStudioVersion = 10.0.40219.1
Project("{FAE04EC0-301F-11D3-BF4B-00C04F79EFBC}") = "Sistema_Tickets", "Sistema_Tickets\Sistema_Tickets.csproj", "{F70F2B0D-2ADE-4EF7-9E77-A8BB42715247}"
EndProject
Global
	GlobalSection(SolutionConfigurationPlatforms) = preSolution
		Debug|Any CPU = Debug|Any CPU
		Release|Any CPU = Release|Any CPU
	EndGlobalSection
	GlobalSection(ProjectConfigurationPlatforms) = postSolution
		{F70F2B0D-2ADE-4EF7-9E77-A8BB42715247}.Debug|Any CPU.ActiveCfg = Debug|Any CPU
		{F70F2B0D-2ADE-4EF7-9E77-A8BB42715247}.Debug|Any CPU.Build.0 = Debug|Any CPU
		{F70F2B0D-2ADE-4EF7-9E77-A8BB42715247}.Release|Any CPU.ActiveCfg = Release|Any CPU
		{F70F2B0D-2ADE-4EF7-9E77-A8BB42715247}.Release|Any CPU.Build.0 = Release|Any CPU
	EndGlobalSection
	GlobalSection(SolutionProperties) = preSolution
		HideSolutionNode = FALSE
	EndGlobalSection
	GlobalSection(ExtensibilityGlobals) = postSolution
		SolutionGuid = {81303BCF-855A-4C82-869B-183FB9B05011}
	EndGlobalSection
EndGlobal
